
Microsoft Visual Studio Solution File, Format Version 12.00
#
Project("{FAE04EC0-301F-11D3-BF4B-00C04F79EFBC}") = "OpenAI", "OpenAI\OpenAI.csproj", "{E93443EC-DD10-499F-92C4-2DC04A17E2D6}"
EndProject
Project("{FAE04EC0-301F-11D3-BF4B-00C04F79EFBC}") = "Console", "Console\Console.csproj", "{4B5E33DA-53FA-49F7-8C84-2EEAE5600AA2}"
EndProject
Project("{FAE04EC0-301F-11D3-BF4B-00C04F79EFBC}") = "Utilities", "Utilities\Utilities.csproj", "{E3D0AB38-9239-492C-B5EA-BB6943660097}"
EndProject
Project("{FAE04EC0-301F-11D3-BF4B-00C04F79EFBC}") = "GameEngine", "GameEngine\GameEngine.csproj", "{F697D414-81E4-43D6-938B-7EC64B374B48}"
EndProject
Project("{FAE04EC0-301F-11D3-BF4B-00C04F79EFBC}") = "Model", "Model\Model.csproj", "{85933EA1-E92F-4B07-97DE-74ED566956F9}"
EndProject
Project("{FAE04EC0-301F-11D3-BF4B-00C04F79EFBC}") = "UnitTests", "UnitTests\UnitTests.csproj", "{96A95934-3628-4245-988A-716C5ADD375A}"
EndProject
Project("{FAE04EC0-301F-11D3-BF4B-00C04F79EFBC}") = "ZorkOne", "ZorkOne\ZorkOne.csproj", "{158FD18D-B743-4F75-8EA1-155FB42475C3}"
EndProject
Project("{FAE04EC0-301F-11D3-BF4B-00C04F79EFBC}") = "ZorkTwo", "ZorkTwo\ZorkTwo.csproj", "{1CCFC98C-2A8E-476E-AA9F-8DEBC52A04C9}"
EndProject
Project("{FAE04EC0-301F-11D3-BF4B-00C04F79EFBC}") = "Bedrock", "Bedrock\Bedrock.csproj", "{F52D2817-5239-4EDD-8C26-B3E6625A94B8}"
EndProject
Project("{FAE04EC0-301F-11D3-BF4B-00C04F79EFBC}") = "DynamoDb", "DynamoDb\DynamoDb.csproj", "{0BB98F2E-7052-4BE2-819B-FFB749BA006C}"
EndProject
Project("{2150E333-8FDC-42A3-9474-1A3956D46DE8}") = "AWS", "AWS", "{0BD81EEF-68B0-4ACA-8E63-63EFC97663F7}"
EndProject
Project("{2150E333-8FDC-42A3-9474-1A3956D46DE8}") = "Games", "Games", "{293EFDCF-F6DD-47EC-BF1A-479B24DA5CF6}"
EndProject
Project("{2150E333-8FDC-42A3-9474-1A3956D46DE8}") = "Solution Items", "Solution Items", "{D516818E-5BE4-4D9C-B3A6-886ACCAA0BDF}"
	ProjectSection(SolutionItems) = preProject
		README.md = README.md
		savegame_schema.json = savegame_schema.json
		session_schema.json = session_schema.json
		sessionsteps_schema.json = sessionsteps_schema.json
		Docs\CREATING_A_NEW_GAME.md = Docs\CREATING_A_NEW_GAME.md
		Docs\HUNGER_THIRST_MECHANICS.md = Docs\HUNGER_THIRST_MECHANICS.md
		Docs\SLEEP_MECHANICS.md = Docs\SLEEP_MECHANICS.md
	EndProjectSection
EndProject
Project("{54A90642-561A-4BB1-A94E-469ADEE60C69}") = "zorkweb.client", "zorkweb.client\zorkweb.client.esproj", "{F26B8ED7-E39C-426D-BD87-6F9E6987F6BE}"
EndProject
Project("{FAE04EC0-301F-11D3-BF4B-00C04F79EFBC}") = "IntegrationTests", "IntegrationTests\IntegrationTests.csproj", "{97ECA2A8-BB16-4B1F-9E62-4F0F22F92D90}"
EndProject
Project("{FAE04EC0-301F-11D3-BF4B-00C04F79EFBC}") = "Planetfall", "Planetfall\Planetfall.csproj", "{55D88ED2-8738-4EFC-869D-24150B9D7058}"
EndProject
Project("{FAE04EC0-301F-11D3-BF4B-00C04F79EFBC}") = "ZorkOne.Tests", "ZorkOne.Tests\ZorkOne.Tests.csproj", "{66E96ECC-B4B3-4DAE-864D-4FE10FCF95AF}"
EndProject
Project("{FAE04EC0-301F-11D3-BF4B-00C04F79EFBC}") = "Planetfall.Tests", "Planetfall.Tests\Planetfall.Tests.csproj", "{6B26CCCB-25F0-4CF8-9A6B-E7D07DA8F197}"
EndProject
Project("{2150E333-8FDC-42A3-9474-1A3956D46DE8}") = "ZorkOne", "ZorkOne", "{07391AF2-6928-4C58-917D-9D61674C0FBF}"
EndProject
Project("{2150E333-8FDC-42A3-9474-1A3956D46DE8}") = "Planetfall", "Planetfall", "{5D13C466-9052-458B-9D0C-391C28A2E201}"
EndProject
Project("{2150E333-8FDC-42A3-9474-1A3956D46DE8}") = "ZorkTwo", "ZorkTwo", "{1B1D0EE6-B786-4C17-9703-DC713AA4B726}"
EndProject
Project("{54A90642-561A-4BB1-A94E-469ADEE60C69}") = "planetfallweb.client", "planetfallweb.client\planetfallweb.client.esproj", "{6D3E741A-DA81-4F7D-BDD7-471893C8DFDE}"
EndProject
Project("{FAE04EC0-301F-11D3-BF4B-00C04F79EFBC}") = "Lambda", "Lambda\src\Lambda\Lambda.csproj", "{0065BD33-9073-4DBF-B499-CF5E101A908C}"
EndProject
Project("{FAE04EC0-301F-11D3-BF4B-00C04F79EFBC}") = "Planetfall-Lambda", "Planetfall-Lambda\src\Planetfall-Lambda\Planetfall-Lambda.csproj", "{C15DEF55-79CD-44D7-AA0C-CF08D4E1AF99}"
EndProject
Project("{FAE04EC0-301F-11D3-BF4B-00C04F79EFBC}") = "SecretsManager", "SecretsManager\SecretsManager.csproj", "{2522C451-51D2-4D8B-92DA-5DB9B49F5133}"
EndProject
Project("{FAE04EC0-301F-11D3-BF4B-00C04F79EFBC}") = "CloudWatch", "CloudWatch\CloudWatch.csproj", "{5669C810-B615-420D-AB2B-AED6348205C9}"
EndProject
Project("{FAE04EC0-301F-11D3-BF4B-00C04F79EFBC}") = "ChatLambda", "ChatLambda\ChatLambda.csproj", "{991122C3-4C84-4C43-B31D-AF8D91BAEA45}"
EndProject
Project("{2150E333-8FDC-42A3-9474-1A3956D46DE8}") = "EscapeRoom", "EscapeRoom", "{435BCF93-C207-4ABE-9727-FD50D7DE9592}"
EndProject
Project("{FAE04EC0-301F-11D3-BF4B-00C04F79EFBC}") = "EscapeRoom", "EscapeRoom\EscapeRoom.csproj", "{3EB8B9F7-8F47-4B91-87C4-CB282D22B55C}"
EndProject
Project("{FAE04EC0-301F-11D3-BF4B-00C04F79EFBC}") = "EscapeRoom.Tests", "EscapeRoom.Tests\EscapeRoom.Tests.csproj", "{198B8D1D-7992-4083-8FE6-3D23844FAB8F}"
EndProject
Project("{FAE04EC0-301F-11D3-BF4B-00C04F79EFBC}") = "EscapeRoom-Lambda", "EscapeRoom-Lambda\src\EscapeRoom-Lambda\EscapeRoom-Lambda.csproj", "{4028484F-8080-40BE-AD4B-D9D72006FA04}"
EndProject
Global
	GlobalSection(SolutionConfigurationPlatforms) = preSolution
		Debug|Any CPU = Debug|Any CPU
		Release|Any CPU = Release|Any CPU
	EndGlobalSection
	GlobalSection(ProjectConfigurationPlatforms) = postSolution
		{E93443EC-DD10-499F-92C4-2DC04A17E2D6}.Debug|Any CPU.ActiveCfg = Debug|Any CPU
		{E93443EC-DD10-499F-92C4-2DC04A17E2D6}.Debug|Any CPU.Build.0 = Debug|Any CPU
		{E93443EC-DD10-499F-92C4-2DC04A17E2D6}.Release|Any CPU.ActiveCfg = Release|Any CPU
		{E93443EC-DD10-499F-92C4-2DC04A17E2D6}.Release|Any CPU.Build.0 = Release|Any CPU
		{4B5E33DA-53FA-49F7-8C84-2EEAE5600AA2}.Debug|Any CPU.ActiveCfg = Debug|Any CPU
		{4B5E33DA-53FA-49F7-8C84-2EEAE5600AA2}.Debug|Any CPU.Build.0 = Debug|Any CPU
		{4B5E33DA-53FA-49F7-8C84-2EEAE5600AA2}.Release|Any CPU.ActiveCfg = Release|Any CPU
		{4B5E33DA-53FA-49F7-8C84-2EEAE5600AA2}.Release|Any CPU.Build.0 = Release|Any CPU
		{E3D0AB38-9239-492C-B5EA-BB6943660097}.Debug|Any CPU.ActiveCfg = Debug|Any CPU
		{E3D0AB38-9239-492C-B5EA-BB6943660097}.Debug|Any CPU.Build.0 = Debug|Any CPU
		{E3D0AB38-9239-492C-B5EA-BB6943660097}.Release|Any CPU.ActiveCfg = Release|Any CPU
		{E3D0AB38-9239-492C-B5EA-BB6943660097}.Release|Any CPU.Build.0 = Release|Any CPU
		{F697D414-81E4-43D6-938B-7EC64B374B48}.Debug|Any CPU.ActiveCfg = Debug|Any CPU
		{F697D414-81E4-43D6-938B-7EC64B374B48}.Debug|Any CPU.Build.0 = Debug|Any CPU
		{F697D414-81E4-43D6-938B-7EC64B374B48}.Release|Any CPU.ActiveCfg = Release|Any CPU
		{F697D414-81E4-43D6-938B-7EC64B374B48}.Release|Any CPU.Build.0 = Release|Any CPU
		{85933EA1-E92F-4B07-97DE-74ED566956F9}.Debug|Any CPU.ActiveCfg = Debug|Any CPU
		{85933EA1-E92F-4B07-97DE-74ED566956F9}.Debug|Any CPU.Build.0 = Debug|Any CPU
		{85933EA1-E92F-4B07-97DE-74ED566956F9}.Release|Any CPU.ActiveCfg = Release|Any CPU
		{85933EA1-E92F-4B07-97DE-74ED566956F9}.Release|Any CPU.Build.0 = Release|Any CPU
		{96A95934-3628-4245-988A-716C5ADD375A}.Debug|Any CPU.ActiveCfg = Debug|Any CPU
		{96A95934-3628-4245-988A-716C5ADD375A}.Debug|Any CPU.Build.0 = Debug|Any CPU
		{96A95934-3628-4245-988A-716C5ADD375A}.Release|Any CPU.ActiveCfg = Release|Any CPU
		{96A95934-3628-4245-988A-716C5ADD375A}.Release|Any CPU.Build.0 = Release|Any CPU
		{158FD18D-B743-4F75-8EA1-155FB42475C3}.Debug|Any CPU.ActiveCfg = Debug|Any CPU
		{158FD18D-B743-4F75-8EA1-155FB42475C3}.Debug|Any CPU.Build.0 = Debug|Any CPU
		{158FD18D-B743-4F75-8EA1-155FB42475C3}.Release|Any CPU.ActiveCfg = Release|Any CPU
		{158FD18D-B743-4F75-8EA1-155FB42475C3}.Release|Any CPU.Build.0 = Release|Any CPU
		{1CCFC98C-2A8E-476E-AA9F-8DEBC52A04C9}.Debug|Any CPU.ActiveCfg = Debug|Any CPU
		{1CCFC98C-2A8E-476E-AA9F-8DEBC52A04C9}.Debug|Any CPU.Build.0 = Debug|Any CPU
		{1CCFC98C-2A8E-476E-AA9F-8DEBC52A04C9}.Release|Any CPU.ActiveCfg = Release|Any CPU
		{1CCFC98C-2A8E-476E-AA9F-8DEBC52A04C9}.Release|Any CPU.Build.0 = Release|Any CPU
		{F52D2817-5239-4EDD-8C26-B3E6625A94B8}.Debug|Any CPU.ActiveCfg = Debug|Any CPU
		{F52D2817-5239-4EDD-8C26-B3E6625A94B8}.Debug|Any CPU.Build.0 = Debug|Any CPU
		{F52D2817-5239-4EDD-8C26-B3E6625A94B8}.Release|Any CPU.ActiveCfg = Release|Any CPU
		{F52D2817-5239-4EDD-8C26-B3E6625A94B8}.Release|Any CPU.Build.0 = Release|Any CPU
		{0BB98F2E-7052-4BE2-819B-FFB749BA006C}.Debug|Any CPU.ActiveCfg = Debug|Any CPU
		{0BB98F2E-7052-4BE2-819B-FFB749BA006C}.Debug|Any CPU.Build.0 = Debug|Any CPU
		{0BB98F2E-7052-4BE2-819B-FFB749BA006C}.Release|Any CPU.ActiveCfg = Release|Any CPU
		{0BB98F2E-7052-4BE2-819B-FFB749BA006C}.Release|Any CPU.Build.0 = Release|Any CPU
		{F26B8ED7-E39C-426D-BD87-6F9E6987F6BE}.Debug|Any CPU.ActiveCfg = Debug|Any CPU
		{F26B8ED7-E39C-426D-BD87-6F9E6987F6BE}.Debug|Any CPU.Build.0 = Debug|Any CPU
		{F26B8ED7-E39C-426D-BD87-6F9E6987F6BE}.Release|Any CPU.ActiveCfg = Debug|Any CPU
		{F26B8ED7-E39C-426D-BD87-6F9E6987F6BE}.Release|Any CPU.Build.0 = Debug|Any CPU
		{97ECA2A8-BB16-4B1F-9E62-4F0F22F92D90}.Debug|Any CPU.ActiveCfg = Debug|Any CPU
		{97ECA2A8-BB16-4B1F-9E62-4F0F22F92D90}.Debug|Any CPU.Build.0 = Debug|Any CPU
		{97ECA2A8-BB16-4B1F-9E62-4F0F22F92D90}.Release|Any CPU.ActiveCfg = Release|Any CPU
		{97ECA2A8-BB16-4B1F-9E62-4F0F22F92D90}.Release|Any CPU.Build.0 = Release|Any CPU
		{55D88ED2-8738-4EFC-869D-24150B9D7058}.Debug|Any CPU.ActiveCfg = Debug|Any CPU
		{55D88ED2-8738-4EFC-869D-24150B9D7058}.Debug|Any CPU.Build.0 = Debug|Any CPU
		{55D88ED2-8738-4EFC-869D-24150B9D7058}.Release|Any CPU.ActiveCfg = Release|Any CPU
		{55D88ED2-8738-4EFC-869D-24150B9D7058}.Release|Any CPU.Build.0 = Release|Any CPU
		{66E96ECC-B4B3-4DAE-864D-4FE10FCF95AF}.Debug|Any CPU.ActiveCfg = Debug|Any CPU
		{66E96ECC-B4B3-4DAE-864D-4FE10FCF95AF}.Debug|Any CPU.Build.0 = Debug|Any CPU
		{66E96ECC-B4B3-4DAE-864D-4FE10FCF95AF}.Release|Any CPU.ActiveCfg = Release|Any CPU
		{66E96ECC-B4B3-4DAE-864D-4FE10FCF95AF}.Release|Any CPU.Build.0 = Release|Any CPU
		{6B26CCCB-25F0-4CF8-9A6B-E7D07DA8F197}.Debug|Any CPU.ActiveCfg = Debug|Any CPU
		{6B26CCCB-25F0-4CF8-9A6B-E7D07DA8F197}.Debug|Any CPU.Build.0 = Debug|Any CPU
		{6B26CCCB-25F0-4CF8-9A6B-E7D07DA8F197}.Release|Any CPU.ActiveCfg = Release|Any CPU
		{6B26CCCB-25F0-4CF8-9A6B-E7D07DA8F197}.Release|Any CPU.Build.0 = Release|Any CPU
		{6D3E741A-DA81-4F7D-BDD7-471893C8DFDE}.Debug|Any CPU.ActiveCfg = Debug|Any CPU
		{6D3E741A-DA81-4F7D-BDD7-471893C8DFDE}.Debug|Any CPU.Build.0 = Debug|Any CPU
		{6D3E741A-DA81-4F7D-BDD7-471893C8DFDE}.Release|Any CPU.ActiveCfg = Debug|Any CPU
		{6D3E741A-DA81-4F7D-BDD7-471893C8DFDE}.Release|Any CPU.Build.0 = Debug|Any CPU
		{0065BD33-9073-4DBF-B499-CF5E101A908C}.Debug|Any CPU.ActiveCfg = Debug|Any CPU
		{0065BD33-9073-4DBF-B499-CF5E101A908C}.Debug|Any CPU.Build.0 = Debug|Any CPU
		{0065BD33-9073-4DBF-B499-CF5E101A908C}.Release|Any CPU.ActiveCfg = Release|Any CPU
		{0065BD33-9073-4DBF-B499-CF5E101A908C}.Release|Any CPU.Build.0 = Release|Any CPU
		{C15DEF55-79CD-44D7-AA0C-CF08D4E1AF99}.Debug|Any CPU.ActiveCfg = Debug|Any CPU
		{C15DEF55-79CD-44D7-AA0C-CF08D4E1AF99}.Debug|Any CPU.Build.0 = Debug|Any CPU
		{C15DEF55-79CD-44D7-AA0C-CF08D4E1AF99}.Release|Any CPU.ActiveCfg = Release|Any CPU
		{C15DEF55-79CD-44D7-AA0C-CF08D4E1AF99}.Release|Any CPU.Build.0 = Release|Any CPU
		{2522C451-51D2-4D8B-92DA-5DB9B49F5133}.Debug|Any CPU.ActiveCfg = Debug|Any CPU
		{2522C451-51D2-4D8B-92DA-5DB9B49F5133}.Debug|Any CPU.Build.0 = Debug|Any CPU
		{2522C451-51D2-4D8B-92DA-5DB9B49F5133}.Release|Any CPU.ActiveCfg = Release|Any CPU
		{2522C451-51D2-4D8B-92DA-5DB9B49F5133}.Release|Any CPU.Build.0 = Release|Any CPU
		{5669C810-B615-420D-AB2B-AED6348205C9}.Debug|Any CPU.ActiveCfg = Debug|Any CPU
		{5669C810-B615-420D-AB2B-AED6348205C9}.Debug|Any CPU.Build.0 = Debug|Any CPU
		{5669C810-B615-420D-AB2B-AED6348205C9}.Release|Any CPU.ActiveCfg = Release|Any CPU
		{5669C810-B615-420D-AB2B-AED6348205C9}.Release|Any CPU.Build.0 = Release|Any CPU
		{991122C3-4C84-4C43-B31D-AF8D91BAEA45}.Debug|Any CPU.ActiveCfg = Debug|Any CPU
		{991122C3-4C84-4C43-B31D-AF8D91BAEA45}.Debug|Any CPU.Build.0 = Debug|Any CPU
		{991122C3-4C84-4C43-B31D-AF8D91BAEA45}.Release|Any CPU.ActiveCfg = Release|Any CPU
		{991122C3-4C84-4C43-B31D-AF8D91BAEA45}.Release|Any CPU.Build.0 = Release|Any CPU
		{3EB8B9F7-8F47-4B91-87C4-CB282D22B55C}.Debug|Any CPU.ActiveCfg = Debug|Any CPU
		{3EB8B9F7-8F47-4B91-87C4-CB282D22B55C}.Debug|Any CPU.Build.0 = Debug|Any CPU
		{3EB8B9F7-8F47-4B91-87C4-CB282D22B55C}.Release|Any CPU.ActiveCfg = Release|Any CPU
		{3EB8B9F7-8F47-4B91-87C4-CB282D22B55C}.Release|Any CPU.Build.0 = Release|Any CPU
		{198B8D1D-7992-4083-8FE6-3D23844FAB8F}.Debug|Any CPU.ActiveCfg = Debug|Any CPU
		{198B8D1D-7992-4083-8FE6-3D23844FAB8F}.Debug|Any CPU.Build.0 = Debug|Any CPU
		{198B8D1D-7992-4083-8FE6-3D23844FAB8F}.Release|Any CPU.ActiveCfg = Release|Any CPU
		{198B8D1D-7992-4083-8FE6-3D23844FAB8F}.Release|Any CPU.Build.0 = Release|Any CPU
		{4028484F-8080-40BE-AD4B-D9D72006FA04}.Debug|Any CPU.ActiveCfg = Debug|Any CPU
		{4028484F-8080-40BE-AD4B-D9D72006FA04}.Debug|Any CPU.Build.0 = Debug|Any CPU
		{4028484F-8080-40BE-AD4B-D9D72006FA04}.Release|Any CPU.ActiveCfg = Release|Any CPU
		{4028484F-8080-40BE-AD4B-D9D72006FA04}.Release|Any CPU.Build.0 = Release|Any CPU
	EndGlobalSection
	GlobalSection(NestedProjects) = preSolution
		{0BB98F2E-7052-4BE2-819B-FFB749BA006C} = {0BD81EEF-68B0-4ACA-8E63-63EFC97663F7}
		{F52D2817-5239-4EDD-8C26-B3E6625A94B8} = {0BD81EEF-68B0-4ACA-8E63-63EFC97663F7}
		{07391AF2-6928-4C58-917D-9D61674C0FBF} = {293EFDCF-F6DD-47EC-BF1A-479B24DA5CF6}
		{158FD18D-B743-4F75-8EA1-155FB42475C3} = {07391AF2-6928-4C58-917D-9D61674C0FBF}
		{66E96ECC-B4B3-4DAE-864D-4FE10FCF95AF} = {07391AF2-6928-4C58-917D-9D61674C0FBF}
		{F26B8ED7-E39C-426D-BD87-6F9E6987F6BE} = {07391AF2-6928-4C58-917D-9D61674C0FBF}
		{0065BD33-9073-4DBF-B499-CF5E101A908C} = {07391AF2-6928-4C58-917D-9D61674C0FBF}
		{5D13C466-9052-458B-9D0C-391C28A2E201} = {293EFDCF-F6DD-47EC-BF1A-479B24DA5CF6}
		{6B26CCCB-25F0-4CF8-9A6B-E7D07DA8F197} = {5D13C466-9052-458B-9D0C-391C28A2E201}
		{55D88ED2-8738-4EFC-869D-24150B9D7058} = {5D13C466-9052-458B-9D0C-391C28A2E201}
		{1B1D0EE6-B786-4C17-9703-DC713AA4B726} = {293EFDCF-F6DD-47EC-BF1A-479B24DA5CF6}
		{1CCFC98C-2A8E-476E-AA9F-8DEBC52A04C9} = {1B1D0EE6-B786-4C17-9703-DC713AA4B726}
		{6D3E741A-DA81-4F7D-BDD7-471893C8DFDE} = {5D13C466-9052-458B-9D0C-391C28A2E201}
		{C15DEF55-79CD-44D7-AA0C-CF08D4E1AF99} = {5D13C466-9052-458B-9D0C-391C28A2E201}
		{2522C451-51D2-4D8B-92DA-5DB9B49F5133} = {0BD81EEF-68B0-4ACA-8E63-63EFC97663F7}
		{5669C810-B615-420D-AB2B-AED6348205C9} = {0BD81EEF-68B0-4ACA-8E63-63EFC97663F7}
		{991122C3-4C84-4C43-B31D-AF8D91BAEA45} = {0BD81EEF-68B0-4ACA-8E63-63EFC97663F7}
		{435BCF93-C207-4ABE-9727-FD50D7DE9592} = {293EFDCF-F6DD-47EC-BF1A-479B24DA5CF6}
		{3EB8B9F7-8F47-4B91-87C4-CB282D22B55C} = {435BCF93-C207-4ABE-9727-FD50D7DE9592}
		{198B8D1D-7992-4083-8FE6-3D23844FAB8F} = {435BCF93-C207-4ABE-9727-FD50D7DE9592}
		{4028484F-8080-40BE-AD4B-D9D72006FA04} = {435BCF93-C207-4ABE-9727-FD50D7DE9592}
	EndGlobalSection
EndGlobal
